PODS:
  - FBSDKCoreKit (5.1.1):
    - FBSDKCoreKit/Basics (= 5.1.1)
    - FBSDKCoreKit/Core (= 5.1.1)
  - FBSDKCoreKit/Basics (5.1.1)
  - FBSDKCoreKit/Core (5.1.1):
    - FBSDKCoreKit/Basics
  - FBSDKLoginKit (5.1.1):
    - FBSDKCoreKit (~> 5.0)
  - GoogleSignIn (4.4.0):
    - "GoogleToolboxForMac/NSDictionary+URLArguments (~> 2.1)"
    - "GoogleToolboxForMac/NSString+URLArguments (~> 2.1)"
    - GTMSessionFetcher/Core (~> 1.1)
  - GoogleToolboxForMac/DebugUtils (2.2.1):
    - GoogleToolboxForMac/Defines (= 2.2.1)
  - GoogleToolboxForMac/Defines (2.2.1)
  - "GoogleToolboxForMac/NSDictionary+URLArguments (2.2.1)":
    - GoogleToolboxForMac/DebugUtils (= 2.2.1)
    - GoogleToolboxForMac/Defines (= 2.2.1)
    - "GoogleToolboxForMac/NSString+URLArguments (= 2.2.1)"
  - "GoogleToolboxForMac/NSString+URLArguments (2.2.1)"
  - GTMSessionFetcher/Core (1.2.2)

DEPENDENCIES:
  - FBSDKCoreKit
  - FBSDKLoginKit
  - GoogleSignIn

SPEC REPOS:
  https://github.com/cocoapods/specs.git:
    - FBSDKCoreKit
    - FBSDKLoginKit
    - GoogleSignIn
    - GoogleToolboxForMac
    - GTMSessionFetcher

SPEC CHECKSUMS:
  FBSDKCoreKit: c29b6b65f6a171ca0a317960a622cff62c9ee269
  FBSDKLoginKit: fdaf402766755e1175ed5c0382f25e2e7dab3c2a
  GoogleSignIn: 7ff245e1a7b26d379099d3243a562f5747e23d39
  GoogleToolboxForMac: b3553629623a3b1bff17f555e736cd5a6d95ad55
  GTMSessionFetcher: 61bb0f61a4cb560030f1222021178008a5727a23

PODFILE CHECKSUM: c96cb69e4839246ff136fd2453aa85a1d2b45015

COCOAPODS: 1.5.2
