// !$*UTF8*$!
{
	archiveVersion = 1;
	classes = {
	};
	objectVersion = 50;
	objects = {

/* Begin PBXBuildFile section */
		19860C2F22D7FB1200B601E5 /* AppDelegate.swift in Sources */ = {isa = PBXBuildFile; fileRef = 19860C2E22D7FB1200B601E5 /* AppDelegate.swift */; };
		19860C3122D7FB1200B601E5 /* ViewController.swift in Sources */ = {isa = PBXBuildFile; fileRef = 19860C3022D7FB1200B601E5 /* ViewController.swift */; };
		19860C3422D7FB1200B601E5 /* Main.storyboard in Resources */ = {isa = PBXBuildFile; fileRef = 19860C3222D7FB1200B601E5 /* Main.storyboard */; };
		19860C3622D7FB1300B601E5 /* Assets.xcassets in Resources */ = {isa = PBXBuildFile; fileRef = 19860C3522D7FB1300B601E5 /* Assets.xcassets */; };
		19860C3922D7FB1300B601E5 /* LaunchScreen.storyboard in Resources */ = {isa = PBXBuildFile; fileRef = 19860C3722D7FB1300B601E5 /* LaunchScreen.storyboard */; };
		24EF8EAB3316965190F5C5A4 /* Pods_33___Networking.framework in Frameworks */ = {isa = PBXBuildFile; fileRef = 37B5B96D69A59D56DC4E608B /* Pods_33___Networking.framework */; };
/* End PBXBuildFile section */

/* Begin PBXFileReference section */
		19860C2B22D7FB1200B601E5 /* 33 - Networking.app */ = {isa = PBXFileReference; explicitFileType = wrapper.application; includeInIndex = 0; path = "33 - Networking.app"; sourceTree = BUILT_PRODUCTS_DIR; };
		19860C2E22D7FB1200B601E5 /* AppDelegate.swift */ = {isa = PBXFileReference; lastKnownFileType = sourcecode.swift; path = AppDelegate.swift; sourceTree = "<group>"; };
		19860C3022D7FB1200B601E5 /* ViewController.swift */ = {isa = PBXFileReference; lastKnownFileType = sourcecode.swift; path = ViewController.swift; sourceTree = "<group>"; };
		19860C3322D7FB1200B601E5 /* Base */ = {isa = PBXFileReference; lastKnownFileType = file.storyboard; name = Base; path = Base.lproj/Main.storyboard; sourceTree = "<group>"; };
		19860C3522D7FB1300B601E5 /* Assets.xcassets */ = {isa = PBXFileReference; lastKnownFileType = folder.assetcatalog; path = Assets.xcassets; sourceTree = "<group>"; };
		19860C3822D7FB1300B601E5 /* Base */ = {isa = PBXFileReference; lastKnownFileType = file.storyboard; name = Base; path = Base.lproj/LaunchScreen.storyboard; sourceTree = "<group>"; };
		19860C3A22D7FB1300B601E5 /* Info.plist */ = {isa = PBXFileReference; lastKnownFileType = text.plist.xml; path = Info.plist; sourceTree = "<group>"; };
		20AD31C2BD152003CFAEA787 /* Pods-33 - Networking.debug.xcconfig */ = {isa = PBXFileReference; includeInIndex = 1; lastKnownFileType = text.xcconfig; name = "Pods-33 - Networking.debug.xcconfig"; path = "Pods/Target Support Files/Pods-33 - Networking/Pods-33 - Networking.debug.xcconfig"; sourceTree = "<group>"; };
		37B5B96D69A59D56DC4E608B /* Pods_33___Networking.framework */ = {isa = PBXFileReference; explicitFileType = wrapper.framework; includeInIndex = 0; path = Pods_33___Networking.framework; sourceTree = BUILT_PRODUCTS_DIR; };
		BC7E2E6BCF08D03920B7E11C /* Pods-33 - Networking.release.xcconfig */ = {isa = PBXFileReference; includeInIndex = 1; lastKnownFileType = text.xcconfig; name = "Pods-33 - Networking.release.xcconfig"; path = "Pods/Target Support Files/Pods-33 - Networking/Pods-33 - Networking.release.xcconfig"; sourceTree = "<group>"; };
/* End PBXFileReference section */

/* Begin PBXFrameworksBuildPhase section */
		19860C2822D7FB1200B601E5 /* Frameworks */ = {
			isa = PBXFrameworksBuildPhase;
			buildActionMask = 2147483647;
			files = (
				24EF8EAB3316965190F5C5A4 /* Pods_33___Networking.framework in Frameworks */,
			);
			runOnlyForDeploymentPostprocessing = 0;
		};
/* End PBXFrameworksBuildPhase section */

/* Begin PBXGroup section */
		19860C2222D7FB1200B601E5 = {
			isa = PBXGroup;
			children = (
				19860C2D22D7FB1200B601E5 /* 33 - Networking */,
				19860C2C22D7FB1200B601E5 /* Products */,
				2C25183002FF66AEBE5B34A0 /* Pods */,
				A54CAEF023C92BE46AF67F2A /* Frameworks */,
			);
			sourceTree = "<group>";
		};
		19860C2C22D7FB1200B601E5 /* Products */ = {
			isa = PBXGroup;
			children = (
				19860C2B22D7FB1200B601E5 /* 33 - Networking.app */,
			);
			name = Products;
			sourceTree = "<group>";
		};
		19860C2D22D7FB1200B601E5 /* 33 - Networking */ = {
			isa = PBXGroup;
			children = (
				19860C4222D7FB5200B601E5 /* View */,
				19860C4122D7FB4200B601E5 /* Network */,
				19860C4022D7FB3300B601E5 /* Resources */,
			);
			path = "33 - Networking";
			sourceTree = "<group>";
		};
		19860C4022D7FB3300B601E5 /* Resources */ = {
			isa = PBXGroup;
			children = (
				19860C2E22D7FB1200B601E5 /* AppDelegate.swift */,
				19860C3522D7FB1300B601E5 /* Assets.xcassets */,
				19860C3722D7FB1300B601E5 /* LaunchScreen.storyboard */,
				19860C3A22D7FB1300B601E5 /* Info.plist */,
			);
			path = Resources;
			sourceTree = "<group>";
		};
		19860C4122D7FB4200B601E5 /* Network */ = {
			isa = PBXGroup;
			children = (
			);
			path = Network;
			sourceTree = "<group>";
		};
		19860C4222D7FB5200B601E5 /* View */ = {
			isa = PBXGroup;
			children = (
				19860C3222D7FB1200B601E5 /* Main.storyboard */,
				19860C3022D7FB1200B601E5 /* ViewController.swift */,
			);
			path = View;
			sourceTree = "<group>";
		};
		2C25183002FF66AEBE5B34A0 /* Pods */ = {
			isa = PBXGroup;
			children = (
				20AD31C2BD152003CFAEA787 /* Pods-33 - Networking.debug.xcconfig */,
				BC7E2E6BCF08D03920B7E11C /* Pods-33 - Networking.release.xcconfig */,
			);
			name = Pods;
			sourceTree = "<group>";
		};
		A54CAEF023C92BE46AF67F2A /* Frameworks */ = {
			isa = PBXGroup;
			children = (
				37B5B96D69A59D56DC4E608B /* Pods_33___Networking.framework */,
			);
			name = Frameworks;
			sourceTree = "<group>";
		};
/* End PBXGroup section */

/* Begin PBXNativeTarget section */
		19860C2A22D7FB1200B601E5 /* 33 - Networking */ = {
			isa = PBXNativeTarget;
			buildConfigurationList = 19860C3D22D7FB1300B601E5 /* Build configuration list for PBXNativeTarget "33 - Networking" */;
			buildPhases = (
				1D414D35B80408459B4DE24B /* [CP] Check Pods Manifest.lock */,
				19860C2722D7FB1200B601E5 /* Sources */,
				19860C2822D7FB1200B601E5 /* Frameworks */,
				19860C2922D7FB1200B601E5 /* Resources */,
				0E8509A7D64FDF12D902875A /* [CP] Embed Pods Frameworks */,
			);
			buildRules = (
			);
			dependencies = (
			);
			name = "33 - Networking";
			productName = "33 - Networking";
			productReference = 19860C2B22D7FB1200B601E5 /* 33 - Networking.app */;
			productType = "com.apple.product-type.application";
		};
/* End PBXNativeTarget section */

/* Begin PBXProject section */
		19860C2322D7FB1200B601E5 /* Project object */ = {
			isa = PBXProject;
			attributes = {
				LastSwiftUpdateCheck = 1020;
				LastUpgradeCheck = 1020;
				ORGANIZATIONNAME = "Giuliano Accorsi";
				TargetAttributes = {
					19860C2A22D7FB1200B601E5 = {
						CreatedOnToolsVersion = 10.2.1;
					};
				};
			};
			buildConfigurationList = 19860C2622D7FB1200B601E5 /* Build configuration list for PBXProject "33 - Networking" */;
			compatibilityVersion = "Xcode 9.3";
			developmentRegion = en;
			hasScannedForEncodings = 0;
			knownRegions = (
				en,
				Base,
			);
			mainGroup = 19860C2222D7FB1200B601E5;
			productRefGroup = 19860C2C22D7FB1200B601E5 /* Products */;
			projectDirPath = "";
			projectRoot = "";
			targets = (
				19860C2A22D7FB1200B601E5 /* 33 - Networking */,
			);
		};
/* End PBXProject section */

/* Begin PBXResourcesBuildPhase section */
		19860C2922D7FB1200B601E5 /* Resources */ = {
			isa = PBXResourcesBuildPhase;
			buildActionMask = 2147483647;
			files = (
				19860C3922D7FB1300B601E5 /* LaunchScreen.storyboard in Resources */,
				19860C3622D7FB1300B601E5 /* Assets.xcassets in Resources */,
				19860C3422D7FB1200B601E5 /* Main.storyboard in Resources */,
			);
			runOnlyForDeploymentPostprocessing = 0;
		};
/* End PBXResourcesBuildPhase section */

/* Begin PBXShellScriptBuildPhase section */
		0E8509A7D64FDF12D902875A /* [CP] Embed Pods Frameworks */ = {
			isa = PBXShellScriptBuildPhase;
			buildActionMask = 2147483647;
			files = (
			);
			inputPaths = (
				"${SRCROOT}/Pods/Target Support Files/Pods-33 - Networking/Pods-33 - Networking-frameworks.sh",
				"${BUILT_PRODUCTS_DIR}/Alamofire/Alamofire.framework",
			);
			name = "[CP] Embed Pods Frameworks";
			outputPaths = (
				"${TARGET_BUILD_DIR}/${FRAMEWORKS_FOLDER_PATH}/Alamofire.framework",
			);
			runOnlyForDeploymentPostprocessing = 0;
			shellPath = /bin/sh;
			shellScript = "\"${SRCROOT}/Pods/Target Support Files/Pods-33 - Networking/Pods-33 - Networking-frameworks.sh\"\n";
			showEnvVarsInLog = 0;
		};
		1D414D35B80408459B4DE24B /* [CP] Check Pods Manifest.lock */ = {
			isa = PBXShellScriptBuildPhase;
			buildActionMask = 2147483647;
			files = (
			);
			inputPaths = (
				"${PODS_PODFILE_DIR_PATH}/Podfile.lock",
				"${PODS_ROOT}/Manifest.lock",
			);
			name = "[CP] Check Pods Manifest.lock";
			outputPaths = (
				"$(DERIVED_FILE_DIR)/Pods-33 - Networking-checkManifestLockResult.txt",
			);
			runOnlyForDeploymentPostprocessing = 0;
			shellPath = /bin/sh;
			shellScript = "diff \"${PODS_PODFILE_DIR_PATH}/Podfile.lock\" \"${PODS_ROOT}/Manifest.lock\" > /dev/null\nif [ $? != 0 ] ; then\n    # print error to STDERR\n    echo \"error: The sandbox is not in sync with the Podfile.lock. Run 'pod install' or update your CocoaPods installation.\" >&2\n    exit 1\nfi\n# This output is used by Xcode 'outputs' to avoid re-running this script phase.\necho \"SUCCESS\" > \"${SCRIPT_OUTPUT_FILE_0}\"\n";
			showEnvVarsInLog = 0;
		};
/* End PBXShellScriptBuildPhase section */

/* Begin PBXSourcesBuildPhase section */
		19860C2722D7FB1200B601E5 /* Sources */ = {
			isa = PBXSourcesBuildPhase;
			buildActionMask = 2147483647;
			files = (
				19860C3122D7FB1200B601E5 /* ViewController.swift in Sources */,
				19860C2F22D7FB1200B601E5 /* AppDelegate.swift in Sources */,
			);
			runOnlyForDeploymentPostprocessing = 0;
		};
/* End PBXSourcesBuildPhase section */

/* Begin PBXVariantGroup section */
		19860C3222D7FB1200B601E5 /* Main.storyboard */ = {
			isa = PBXVariantGroup;
			children = (
				19860C3322D7FB1200B601E5 /* Base */,
			);
			name = Main.storyboard;
			sourceTree = "<group>";
		};
		19860C3722D7FB1300B601E5 /* LaunchScreen.storyboard */ = {
			isa = PBXVariantGroup;
			children = (
				19860C3822D7FB1300B601E5 /* Base */,
			);
			name = LaunchScreen.storyboard;
			sourceTree = "<group>";
		};
/* End PBXVariantGroup section */

/* Begin XCBuildConfiguration section */
		19860C3B22D7FB1300B601E5 /* Debug */ = {
			isa = XCBuildConfiguration;
			buildSettings = {
				ALWAYS_SEARCH_USER_PATHS = NO;
				CLANG_ANALYZER_NONNULL = YES;
				CLANG_ANALYZER_NUMBER_OBJECT_CONVERSION = YES_AGGRESSIVE;
				CLANG_CXX_LANGUAGE_STANDARD = "gnu++14";
				CLANG_CXX_LIBRARY = "libc++";
				CLANG_ENABLE_MODULES = YES;
				CLANG_ENABLE_OBJC_ARC = YES;
				CLANG_ENABLE_OBJC_WEAK = YES;
				CLANG_WARN_BLOCK_CAPTURE_AUTORELEASING = YES;
				CLANG_WARN_BOOL_CONVERSION = YES;
				CLANG_WARN_COMMA = YES;
				CLANG_WARN_CONSTANT_CONVERSION = YES;
				CLANG_WARN_DEPRECATED_OBJC_IMPLEMENTATIONS = YES;
				CLANG_WARN_DIRECT_OBJC_ISA_USAGE = YES_ERROR;
				CLANG_WARN_DOCUMENTATION_COMMENTS = YES;
				CLANG_WARN_EMPTY_BODY = YES;
				CLANG_WARN_ENUM_CONVERSION = YES;
				CLANG_WARN_INFINITE_RECURSION = YES;
				CLANG_WARN_INT_CONVERSION = YES;
				CLANG_WARN_NON_LITERAL_NULL_CONVERSION = YES;
				CLANG_WARN_OBJC_IMPLICIT_RETAIN_SELF = YES;
				CLANG_WARN_OBJC_LITERAL_CONVERSION = YES;
				CLANG_WARN_OBJC_ROOT_CLASS = YES_ERROR;
				CLANG_WARN_RANGE_LOOP_ANALYSIS = YES;
				CLANG_WARN_STRICT_PROTOTYPES = YES;
				CLANG_WARN_SUSPICIOUS_MOVE = YES;
				CLANG_WARN_UNGUARDED_AVAILABILITY = YES_AGGRESSIVE;
				CLANG_WARN_UNREACHABLE_CODE = YES;
				CLANG_WARN__DUPLICATE_METHOD_MATCH = YES;
				CODE_SIGN_IDENTITY = "iPhone Developer";
				COPY_PHASE_STRIP = NO;
				DEBUG_INFORMATION_FORMAT = dwarf;
				ENABLE_STRICT_OBJC_MSGSEND = YES;
				ENABLE_TESTABILITY = YES;
				GCC_C_LANGUAGE_STANDARD = gnu11;
				GCC_DYNAMIC_NO_PIC = NO;
				GCC_NO_COMMON_BLOCKS = YES;
				GCC_OPTIMIZATION_LEVEL = 0;
				GCC_PREPROCESSOR_DEFINITIONS = (
					"DEBUG=1",
					"$(inherited)",
				);
				GCC_WARN_64_TO_32_BIT_CONVERSION = YES;
				GCC_WARN_ABOUT_RETURN_TYPE = YES_ERROR;
				GCC_WARN_UNDECLARED_SELECTOR = YES;
				GCC_WARN_UNINITIALIZED_AUTOS = YES_AGGRESSIVE;
				GCC_WARN_UNUSED_FUNCTION = YES;
				GCC_WARN_UNUSED_VARIABLE = YES;
				IPHONEOS_DEPLOYMENT_TARGET = 12.2;
				MTL_ENABLE_DEBUG_INFO = INCLUDE_SOURCE;
				MTL_FAST_MATH = YES;
				ONLY_ACTIVE_ARCH = YES;
				SDKROOT = iphoneos;
				SWIFT_ACTIVE_COMPILATION_CONDITIONS = DEBUG;
				SWIFT_OPTIMIZATION_LEVEL = "-Onone";
			};
			name = Debug;
		};
		19860C3C22D7FB1300B601E5 /* Release */ = {
			isa = XCBuildConfiguration;
			buildSettings = {
				ALWAYS_SEARCH_USER_PATHS = NO;
				CLANG_ANALYZER_NONNULL = YES;
				CLANG_ANALYZER_NUMBER_OBJECT_CONVERSION = YES_AGGRESSIVE;
				CLANG_CXX_LANGUAGE_STANDARD = "gnu++14";
				CLANG_CXX_LIBRARY = "libc++";
				CLANG_ENABLE_MODULES = YES;
				CLANG_ENABLE_OBJC_ARC = YES;
				CLANG_ENABLE_OBJC_WEAK = YES;
				CLANG_WARN_BLOCK_CAPTURE_AUTORELEASING = YES;
				CLANG_WARN_BOOL_CONVERSION = YES;
				CLANG_WARN_COMMA = YES;
				CLANG_WARN_CONSTANT_CONVERSION = YES;
				CLANG_WARN_DEPRECATED_OBJC_IMPLEMENTATIONS = YES;
				CLANG_WARN_DIRECT_OBJC_ISA_USAGE = YES_ERROR;
				CLANG_WARN_DOCUMENTATION_COMMENTS = YES;
				CLANG_WARN_EMPTY_BODY = YES;
				CLANG_WARN_ENUM_CONVERSION = YES;
				CLANG_WARN_INFINITE_RECURSION = YES;
				CLANG_WARN_INT_CONVERSION = YES;
				CLANG_WARN_NON_LITERAL_NULL_CONVERSION = YES;
				CLANG_WARN_OBJC_IMPLICIT_RETAIN_SELF = YES;
				CLANG_WARN_OBJC_LITERAL_CONVERSION = YES;
				CLANG_WARN_OBJC_ROOT_CLASS = YES_ERROR;
				CLANG_WARN_RANGE_LOOP_ANALYSIS = YES;
				CLANG_WARN_STRICT_PROTOTYPES = YES;
				CLANG_WARN_SUSPICIOUS_MOVE = YES;
				CLANG_WARN_UNGUARDED_AVAILABILITY = YES_AGGRESSIVE;
				CLANG_WARN_UNREACHABLE_CODE = YES;
				CLANG_WARN__DUPLICATE_METHOD_MATCH = YES;
				CODE_SIGN_IDENTITY = "iPhone Developer";
				COPY_PHASE_STRIP = NO;
				DEBUG_INFORMATION_FORMAT = "dwarf-with-dsym";
				ENABLE_NS_ASSERTIONS = NO;
				ENABLE_STRICT_OBJC_MSGSEND = YES;
				GCC_C_LANGUAGE_STANDARD = gnu11;
				GCC_NO_COMMON_BLOCKS = YES;
				GCC_WARN_64_TO_32_BIT_CONVERSION = YES;
				GCC_WARN_ABOUT_RETURN_TYPE = YES_ERROR;
				GCC_WARN_UNDECLARED_SELECTOR = YES;
				GCC_WARN_UNINITIALIZED_AUTOS = YES_AGGRESSIVE;
				GCC_WARN_UNUSED_FUNCTION = YES;
				GCC_WARN_UNUSED_VARIABLE = YES;
				IPHONEOS_DEPLOYMENT_TARGET = 12.2;
				MTL_ENABLE_DEBUG_INFO = NO;
				MTL_FAST_MATH = YES;
				SDKROOT = iphoneos;
				SWIFT_COMPILATION_MODE = wholemodule;
				SWIFT_OPTIMIZATION_LEVEL = "-O";
				VALIDATE_PRODUCT = YES;
			};
			name = Release;
		};
		19860C3E22D7FB1300B601E5 /* Debug */ = {
			isa = XCBuildConfiguration;
			baseConfigurationReference = 20AD31C2BD152003CFAEA787 /* Pods-33 - Networking.debug.xcconfig */;
			buildSettings = {
				ASSETCATALOG_COMPILER_APPICON_NAME = AppIcon;
				CODE_SIGN_STYLE = Automatic;
				DEVELOPMENT_TEAM = 56MT3P2HNL;
				INFOPLIST_FILE = "$(SRCROOT)/33 - Networking/Resources/Info.plist";
				LD_RUNPATH_SEARCH_PATHS = (
					"$(inherited)",
					"@executable_path/Frameworks",
				);
				PRODUCT_BUNDLE_IDENTIFIER = "com.GiulianoAccorsi.-3---Networking";
				PRODUCT_NAME = "$(TARGET_NAME)";
				SWIFT_VERSION = 5.0;
				TARGETED_DEVICE_FAMILY = "1,2";
			};
			name = Debug;
		};
		19860C3F22D7FB1300B601E5 /* Release */ = {
			isa = XCBuildConfiguration;
			baseConfigurationReference = BC7E2E6BCF08D03920B7E11C /* Pods-33 - Networking.release.xcconfig */;
			buildSettings = {
				ASSETCATALOG_COMPILER_APPICON_NAME = AppIcon;
				CODE_SIGN_STYLE = Automatic;
				DEVELOPMENT_TEAM = 56MT3P2HNL;
				INFOPLIST_FILE = "$(SRCROOT)/33 - Networking/Resources/Info.plist";
				LD_RUNPATH_SEARCH_PATHS = (
					"$(inherited)",
					"@executable_path/Frameworks",
				);
				PRODUCT_BUNDLE_IDENTIFIER = "com.GiulianoAccorsi.-3---Networking";
				PRODUCT_NAME = "$(TARGET_NAME)";
				SWIFT_VERSION = 5.0;
				TARGETED_DEVICE_FAMILY = "1,2";
			};
			name = Release;
		};
/* End XCBuildConfiguration section */

/* Begin XCConfigurationList section */
		19860C2622D7FB1200B601E5 /* Build configuration list for PBXProject "33 - Networking" */ = {
			isa = XCConfigurationList;
			buildConfigurations = (
				19860C3B22D7FB1300B601E5 /* Debug */,
				19860C3C22D7FB1300B601E5 /* Release */,
			);
			defaultConfigurationIsVisible = 0;
			defaultConfigurationName = Release;
		};
		19860C3D22D7FB1300B601E5 /* Build configuration list for PBXNativeTarget "33 - Networking" */ = {
			isa = XCConfigurationList;
			buildConfigurations = (
				19860C3E22D7FB1300B601E5 /* Debug */,
				19860C3F22D7FB1300B601E5 /* Release */,
			);
			defaultConfigurationIsVisible = 0;
			defaultConfigurationName = Release;
		};
/* End XCConfigurationList section */
	};
	rootObject = 19860C2322D7FB1200B601E5 /* Project object */;
}
